
Microsoft Visual Studio Solution File, Format Version 12.00
# Visual Studio 15
VisualStudioVersion = 15.0.28307.106
MinimumVisualStudioVersion = 10.0.40219.1
Project("{8BC9CEB8-8B4A-11D0-8D11-00A0C91BC942}") = "GeCode", "GeCode\GeCode.vcxproj", "{C68D1F2C-FA1D-4D5E-9814-4650AE1CD334}"
EndProject
Global
	GlobalSection(SolutionConfigurationPlatforms) = preSolution
		Debug|x64 = Debug|x64
		Debug|x86 = Debug|x86
		Release|x64 = Release|x64
		Release|x86 = Release|x86
	EndGlobalSection
	GlobalSection(ProjectConfigurationPlatforms) = postSolution
		{C68D1F2C-FA1D-4D5E-9814-4650AE1CD334}.Debug|x64.ActiveCfg = Debug|x64
		{C68D1F2C-FA1D-4D5E-9814-4650AE1CD334}.Debug|x64.Build.0 = Debug|x64
		{C68D1F2C-FA1D-4D5E-9814-4650AE1CD334}.Debug|x86.ActiveCfg = Debug|Win32
		{C68D1F2C-FA1D-4D5E-9814-4650AE1CD334}.Debug|x86.Build.0 = Debug|Win32
		{C68D1F2C-FA1D-4D5E-9814-4650AE1CD334}.Release|x64.ActiveCfg = Release|x64
		{C68D1F2C-FA1D-4D5E-9814-4650AE1CD334}.Release|x64.Build.0 = Release|x64
		{C68D1F2C-FA1D-4D5E-9814-4650AE1CD334}.Release|x86.ActiveCfg = Release|Win32
		{C68D1F2C-FA1D-4D5E-9814-4650AE1CD334}.Release|x86.Build.0 = Release|Win32
	EndGlobalSection
	GlobalSection(SolutionProperties) = preSolution
		HideSolutionNode = FALSE
	EndGlobalSection
	GlobalSection(ExtensibilityGlobals) = postSolution
		SolutionGuid = {2EBECDA3-2070-499E-AB43-E164F543DD84}
	EndGlobalSection
EndGlobal
